
Microsoft Visual Studio Solution File, Format Version 12.00
# Visual Studio Version 17
VisualStudioVersion = 17.14.36811.4
MinimumVisualStudioVersion = 10.0.40219.1
Project("{FAE04EC0-301F-11D3-BF4B-00C04F79EFBC}") = "RealEstateCRM.Api", "RealEstateCRM.Api\RealEstateCRM.Api.csproj", "{86A7F529-8309-4F24-812A-E1191398F18F}"
EndProject
Global
	GlobalSection(SolutionConfigurationPlatforms) = preSolution
		Debug|Any CPU = Debug|Any CPU
		Release|Any CPU = Release|Any CPU
	EndGlobalSection
	GlobalSection(ProjectConfigurationPlatforms) = postSolution
		{86A7F529-8309-4F24-812A-E1191398F18F}.Debug|Any CPU.ActiveCfg = Debug|Any CPU
		{86A7F529-8309-4F24-812A-E1191398F18F}.Debug|Any CPU.Build.0 = Debug|Any CPU
		{86A7F529-8309-4F24-812A-E1191398F18F}.Release|Any CPU.ActiveCfg = Release|Any CPU
		{86A7F529-8309-4F24-812A-E1191398F18F}.Release|Any CPU.Build.0 = Release|Any CPU
	EndGlobalSection
	GlobalSection(SolutionProperties) = preSolution
		HideSolutionNode = FALSE
	EndGlobalSection
	GlobalSection(ExtensibilityGlobals) = postSolution
		SolutionGuid = {B57806E6-30D1-498A-8EBD-5FD88BE50612}
	EndGlobalSection
EndGlobal
